
Microsoft Visual Studio Solution File, Format Version 12.00
# Visual Studio Version 16
VisualStudioVersion = 16.0.30413.136
MinimumVisualStudioVersion = 10.0.40219.1
Project("{FAE04EC0-301F-11D3-BF4B-00C04F79EFBC}") = "Mashike Puniki Salome", "Mashike Puniki Salome\Mashike Puniki Salome.csproj", "{6CAACFD2-F406-40FD-B8A2-3978329477D9}"
EndProject
Global
	GlobalSection(SolutionConfigurationPlatforms) = preSolution
		Debug|Any CPU = Debug|Any CPU
		Release|Any CPU = Release|Any CPU
	EndGlobalSection
	GlobalSection(ProjectConfigurationPlatforms) = postSolution
		{6CAACFD2-F406-40FD-B8A2-3978329477D9}.Debug|Any CPU.ActiveCfg = Debug|Any CPU
		{6CAACFD2-F406-40FD-B8A2-3978329477D9}.Debug|Any CPU.Build.0 = Debug|Any CPU
		{6CAACFD2-F406-40FD-B8A2-3978329477D9}.Release|Any CPU.ActiveCfg = Release|Any CPU
		{6CAACFD2-F406-40FD-B8A2-3978329477D9}.Release|Any CPU.Build.0 = Release|Any CPU
	EndGlobalSection
	GlobalSection(SolutionProperties) = preSolution
		HideSolutionNode = FALSE
	EndGlobalSection
	GlobalSection(ExtensibilityGlobals) = postSolution
		SolutionGuid = {068C5BA5-2191-4DAB-867D-04238C597139}
	EndGlobalSection
EndGlobal
